<?xml version="1.0" encoding="utf-8"?>
<Project ToolsVersion="4.0" xmlns="http://schemas.microsoft.com/developer/msbuild/2003">
  <ItemGroup>
    <Filter Include="Quelldateien">
      <UniqueIdentifier>{4FC737F1-C7A5-4376-A066-2A32D752A2FF}</UniqueIdentifier>
      <Extensions>cpp;c;cc;cxx;def;odl;idl;hpj;bat;asm;asmx</Extensions>
    </Filter>
    <Filter Include="Headerdateien">
      <UniqueIdentifier>{93995380-89BD-4b04-88EB-625FBE52EBFB}</UniqueIdentifier>
      <Extensions>h;hh;hpp;hxx;hm;inl;inc;xsd</Extensions>
    </Filter>
    <Filter Include="Ressourcendateien">
      <UniqueIdentifier>{67DA6AB6-F800-4c08-8B7A-83BB121AAD01}</UniqueIdentifier>
      <Extensions>rc;ico;cur;bmp;dlg;rc2;rct;bin;rgs;gif;jpg;jpeg;jpe;resx;tiff;tif;png;wav;mfcribbon-ms</Extensions>
    </Filter>
    <Filter Include="Ressourcendateien\Assets">
      <UniqueIdentifier>{36e03b0c-fe6d-490c-8542-ae36e5969ea7}</UniqueIdentifier>
    </Filter>
    <Filter Include="Ressourcendateien\Assets\Shaders">
      <UniqueIdentifier>{b6225adc-e0dc-4cee-a8ca-92dffa6fa47d}</UniqueIdentifier>
    </Filter>
    <Filter Include="Ressourcendateien\Assets\Mesh">
      <UniqueIdentifier>{0f88661b-be69-4256-b6fd-51994b1c5cb6}</UniqueIdentifier>
    </Filter>
    <Filter Include="Ressourcendateien\World">
      <UniqueIdentifier>{688e69c0-6d86-49ea-900a-393154bcf1c8}</UniqueIdentifier>
    </Filter>
    <Filter Include="TestGame">
      <UniqueIdentifier>{fe85f8b7-29fa-434f-8bc0-c34f8f2556ac}</UniqueIdentifier>
    </Filter>
    <Filter Include="Graphics">
      <UniqueIdentifier>{22421b31-23df-4d21-9b42-da409cb8d901}</UniqueIdentifier>
    </Filter>
  </ItemGroup>
  <ItemGroup>
    <ClCompile Include="Main.cpp">
      <Filter>Quelldateien</Filter>
    </ClCompile>
    <ClCompile Include="iofunctions.cpp">
      <Filter>Quelldateien</Filter>
    </ClCompile>
    <ClCompile Include="KeyMap.cpp">
      <Filter>Quelldateien</Filter>
    </ClCompile>
    <ClCompile Include="Clock.cpp">
      <Filter>Quelldateien</Filter>
    </ClCompile>
    <ClCompile Include="EngineObject.cpp">
      <Filter>Quelldateien</Filter>
    </ClCompile>
    <ClCompile Include="InputHandler.cpp">
      <Filter>Quelldateien</Filter>
    </ClCompile>
    <ClCompile Include="bmp.cpp">
      <Filter>Quelldateien</Filter>
    </ClCompile>
    <ClCompile Include="Game.cpp">
      <Filter>Quelldateien</Filter>
    </ClCompile>
    <ClCompile Include="TestGame.cpp">
      <Filter>TestGame</Filter>
    </ClCompile>
    <ClCompile Include="CoreEngine.cpp">
      <Filter>Quelldateien</Filter>
    </ClCompile>
    <ClCompile Include="Texture.cpp">
      <Filter>Graphics</Filter>
    </ClCompile>
    <ClCompile Include="Shader.cpp">
      <Filter>Graphics</Filter>
    </ClCompile>
    <ClCompile Include="Screen.cpp">
      <Filter>Graphics</Filter>
    </ClCompile>
    <ClCompile Include="Scene.cpp">
      <Filter>Graphics</Filter>
    </ClCompile>
    <ClCompile Include="RenderingEngine.cpp">
      <Filter>Graphics</Filter>
    </ClCompile>
    <ClCompile Include="ModelRenderer.cpp">
      <Filter>Graphics</Filter>
    </ClCompile>
    <ClCompile Include="Mesh.cpp">
      <Filter>Graphics</Filter>
    </ClCompile>
    <ClCompile Include="Light.cpp">
      <Filter>Graphics</Filter>
    </ClCompile>
    <ClCompile Include="Camera.cpp">
      <Filter>Graphics</Filter>
    </ClCompile>
  </ItemGroup>
  <ItemGroup>
    <ClInclude Include="iofunctions.h">
      <Filter>Headerdateien</Filter>
    </ClInclude>
    <ClInclude Include="KeyMap.h">
      <Filter>Headerdateien</Filter>
    </ClInclude>
    <ClInclude Include="Clock.h">
      <Filter>Headerdateien</Filter>
    </ClInclude>
    <ClInclude Include="EngineObject.h">
      <Filter>Headerdateien</Filter>
    </ClInclude>
    <ClInclude Include="InputHandler.h">
      <Filter>Headerdateien</Filter>
    </ClInclude>
    <ClInclude Include="bmp.h">
      <Filter>Headerdateien</Filter>
    </ClInclude>
    <ClInclude Include="ExclusiveObject.h">
      <Filter>Headerdateien</Filter>
    </ClInclude>
    <ClInclude Include="Game.h">
      <Filter>Headerdateien</Filter>
    </ClInclude>
    <ClInclude Include="Util.h">
      <Filter>Headerdateien</Filter>
    </ClInclude>
    <ClInclude Include="Def.h">
      <Filter>Headerdateien</Filter>
    </ClInclude>
    <ClInclude Include="TestGame.h">
      <Filter>TestGame</Filter>
    </ClInclude>
    <ClInclude Include="CoreEngine.h">
      <Filter>Headerdateien</Filter>
    </ClInclude>
    <ClInclude Include="Texture.h">
      <Filter>Graphics</Filter>
    </ClInclude>
    <ClInclude Include="Shader.h">
      <Filter>Graphics</Filter>
    </ClInclude>
    <ClInclude Include="Screen.h">
      <Filter>Graphics</Filter>
    </ClInclude>
    <ClInclude Include="Scene.h">
      <Filter>Graphics</Filter>
    </ClInclude>
    <ClInclude Include="RenderingEngine.h">
      <Filter>Graphics</Filter>
    </ClInclude>
    <ClInclude Include="ModelRenderer.h">
      <Filter>Graphics</Filter>
    </ClInclude>
    <ClInclude Include="Mesh.h">
      <Filter>Graphics</Filter>
    </ClInclude>
    <ClInclude Include="Material.h">
      <Filter>Graphics</Filter>
    </ClInclude>
    <ClInclude Include="Light.h">
      <Filter>Graphics</Filter>
    </ClInclude>
    <ClInclude Include="Camera.h">
      <Filter>Graphics</Filter>
    </ClInclude>
    <ClInclude Include="UniformRegistry.h">
      <Filter>Graphics</Filter>
    </ClInclude>
  </ItemGroup>
  <ItemGroup>
    <Text Include="To Do.txt">
      <Filter>Ressourcendateien</Filter>
    </Text>
    <Text Include="World\Death.txt">
      <Filter>Ressourcendateien\World</Filter>
    </Text>
    <Text Include="World\Dual Player System.txt">
      <Filter>Ressourcendateien\World</Filter>
    </Text>
    <Text Include="World\Elements &amp; Alchemy.txt">
      <Filter>Ressourcendateien\World</Filter>
    </Text>
    <Text Include="World\Gender.txt">
      <Filter>Ressourcendateien\World</Filter>
    </Text>
    <Text Include="World\Leben.txt">
      <Filter>Ressourcendateien\World</Filter>
    </Text>
    <Text Include="World\Magic.txt">
      <Filter>Ressourcendateien\World</Filter>
    </Text>
    <Text Include="World\Magomechanics.txt">
      <Filter>Ressourcendateien\World</Filter>
    </Text>
    <Text Include="World\Rassen.txt">
      <Filter>Ressourcendateien\World</Filter>
    </Text>
    <Text Include="World\Religion.txt">
      <Filter>Ressourcendateien\World</Filter>
    </Text>
    <Text Include="World\Skills.txt">
      <Filter>Ressourcendateien\World</Filter>
    </Text>
    <Text Include="World\Spell Casting.txt">
      <Filter>Ressourcendateien\World</Filter>
    </Text>
    <Text Include="World\World, Space &amp; Time.txt">
      <Filter>Ressourcendateien\World</Filter>
    </Text>
  </ItemGroup>
  <ItemGroup>
    <None Include="assets\shaders\forward_ambient_fs.glsl">
      <Filter>Ressourcendateien\Assets\Shaders</Filter>
    </None>
    <None Include="assets\shaders\forward_ambient_vs.glsl">
      <Filter>Ressourcendateien\Assets\Shaders</Filter>
    </None>
    <None Include="assets\shaders\forward_directional_fs.glsl">
      <Filter>Ressourcendateien\Assets\Shaders</Filter>
    </None>
    <None Include="assets\shaders\forward_directional_vs.glsl">
      <Filter>Ressourcendateien\Assets\Shaders</Filter>
    </None>
    <None Include="assets\shaders\forward_point_fs.glsl">
      <Filter>Ressourcendateien\Assets\Shaders</Filter>
    </None>
    <None Include="assets\shaders\forward_point_vs.glsl">
      <Filter>Ressourcendateien\Assets\Shaders</Filter>
    </None>
    <None Include="assets\shaders\forward_spot_fs.glsl">
      <Filter>Ressourcendateien\Assets\Shaders</Filter>
    </None>
    <None Include="assets\shaders\forward_spot_vs.glsl">
      <Filter>Ressourcendateien\Assets\Shaders</Filter>
    </None>
    <None Include="assets\shaders\color.glsl">
      <Filter>Ressourcendateien\Assets\Shaders</Filter>
    </None>
    <None Include="assets\shaders\light.glsl">
      <Filter>Ressourcendateien\Assets\Shaders</Filter>
    </None>
    <None Include="assets\shaders\version.glsl">
      <Filter>Ressourcendateien\Assets\Shaders</Filter>
    </None>
    <None Include="assets\shaders\vertex.glsl">
      <Filter>Ressourcendateien\Assets\Shaders</Filter>
    </None>
  </ItemGroup>
  <ItemGroup>
    <Object Include="assets\mesh\Stein_einfach.obj">
      <Filter>Ressourcendateien\Assets\Mesh</Filter>
    </Object>
    <Object Include="assets\mesh\Tanne_einfach.obj">
      <Filter>Ressourcendateien\Assets\Mesh</Filter>
    </Object>
    <Object Include="assets\mesh\Tanne_einfach_newExport.obj">
      <Filter>Ressourcendateien\Assets\Mesh</Filter>
    </Object>
    <Object Include="assets\mesh\Test_Block.obj">
      <Filter>Ressourcendateien\Assets\Mesh</Filter>
    </Object>
    <Object Include="assets\mesh\Test_Objektfile_001.obj">
      <Filter>Ressourcendateien\Assets\Mesh</Filter>
    </Object>
  </ItemGroup>
</Project>